{
  "nodes": {
    "nixpkgs": {
      "locked": {
        "lastModified": 1772624091,
        "narHash": "sha256-QKyJ0QGWBn6r0invrMAK8dmJoBYWoOWy7lN+UHzW1jc=",
        "owner": "nixos",
        "repo": "nixpkgs",
        "rev": "80bdc1e5ce51f56b19791b52b2901187931f5353",
        "type": "github"
      },
      "original": {
        "owner": "nixos",
        "ref": "nixos-unstable",
        "repo": "nixpkgs",
        "type": "github"
      }
    },
    "nixpkgs-nvidia": {
      "locked": {
        "lastModified": 1771170098,
        "narHash": "sha256-xWU7EFeR+OQk4UcykJD5pOjhHle6/VPAHQqsNUWj4Rc=",
        "owner": "NixOS",
        "repo": "nixpkgs",
        "rev": "ab9ad415916a0fb89d1f539a9291d9737e95148e",
        "type": "github"
      },
      "original": {
        "owner": "NixOS",
        "repo": "nixpkgs",
        "rev": "ab9ad415916a0fb89d1f539a9291d9737e95148e",
        "type": "github"
      }
    },
    "root": {
      "inputs": {
        "nixpkgs": "nixpkgs",
        "nixpkgs-nvidia": "nixpkgs-nvidia"
      }
    }
  },
  "root": "root",
  "version": 7
}
