{
  "nodes": {
    "nixpkgs": {
      "locked": {
        "lastModified": 1771848320,
        "narHash": "sha256-0MAd+0mun3K/Ns8JATeHT1sX28faLII5hVLq0L3BdZU=",
        "owner": "nixos",
        "repo": "nixpkgs",
        "rev": "2fc6539b481e1d2569f25f8799236694180c0993",
        "type": "github"
      },
      "original": {
        "owner": "nixos",
        "ref": "nixos-unstable",
        "repo": "nixpkgs",
        "type": "github"
      }
    },
    "nixpkgs-nvidia": {
      "locked": {
        "lastModified": 1771170098,
        "narHash": "sha256-xWU7EFeR+OQk4UcykJD5pOjhHle6/VPAHQqsNUWj4Rc=",
        "owner": "NixOS",
        "repo": "nixpkgs",
        "rev": "ab9ad415916a0fb89d1f539a9291d9737e95148e",
        "type": "github"
      },
      "original": {
        "owner": "NixOS",
        "repo": "nixpkgs",
        "rev": "ab9ad415916a0fb89d1f539a9291d9737e95148e",
        "type": "github"
      }
    },
    "root": {
      "inputs": {
        "nixpkgs": "nixpkgs",
        "nixpkgs-nvidia": "nixpkgs-nvidia"
      }
    }
  },
  "root": "root",
  "version": 7
}
